
Microsoft Visual Studio Solution File, Format Version 12.00
# Visual Studio Version 16
VisualStudioVersion = 16.0.32602.291
MinimumVisualStudioVersion = 10.0.40219.1
Project("{FAE04EC0-301F-11D3-BF4B-00C04F79EFBC}") = "Investec.App", "Investec.App\Investec.App.csproj", "{8120238F-6DAD-4D98-ACCC-B346FF49F257}"
EndProject
Project("{FAE04EC0-301F-11D3-BF4B-00C04F79EFBC}") = "Investec.AppUnitTest", "Investec.AppUnitTest\Investec.AppUnitTest.csproj", "{3F7880F3-3C7C-408C-883F-920FD3AC816D}"
EndProject
Global
	GlobalSection(SolutionConfigurationPlatforms) = preSolution
		Debug|Any CPU = Debug|Any CPU
		Release|Any CPU = Release|Any CPU
	EndGlobalSection
	GlobalSection(ProjectConfigurationPlatforms) = postSolution
		{8120238F-6DAD-4D98-ACCC-B346FF49F257}.Debug|Any CPU.ActiveCfg = Debug|Any CPU
		{8120238F-6DAD-4D98-ACCC-B346FF49F257}.Debug|Any CPU.Build.0 = Debug|Any CPU
		{8120238F-6DAD-4D98-ACCC-B346FF49F257}.Release|Any CPU.ActiveCfg = Release|Any CPU
		{8120238F-6DAD-4D98-ACCC-B346FF49F257}.Release|Any CPU.Build.0 = Release|Any CPU
		{3F7880F3-3C7C-408C-883F-920FD3AC816D}.Debug|Any CPU.ActiveCfg = Debug|Any CPU
		{3F7880F3-3C7C-408C-883F-920FD3AC816D}.Debug|Any CPU.Build.0 = Debug|Any CPU
		{3F7880F3-3C7C-408C-883F-920FD3AC816D}.Release|Any CPU.ActiveCfg = Release|Any CPU
		{3F7880F3-3C7C-408C-883F-920FD3AC816D}.Release|Any CPU.Build.0 = Release|Any CPU
	EndGlobalSection
	GlobalSection(SolutionProperties) = preSolution
		HideSolutionNode = FALSE
	EndGlobalSection
	GlobalSection(ExtensibilityGlobals) = postSolution
		SolutionGuid = {B2E25FE1-60BE-4471-9C0F-EA2A566644BC}
	EndGlobalSection
EndGlobal
